# This file is automatically @generated by Cargo.
# It is not intended for manual editing.
version = 4

[[package]]
name = "nysia"
version = "0.0.0"
dependencies = [
 "nysia-desktop",
]

[[package]]
name = "nysia-core"
version = "0.0.0"
dependencies = [
 "nysia-proto",
]

[[package]]
name = "nysia-desktop"
version = "0.0.0"
dependencies = [
 "tauri",
]

[[package]]
name = "nysia-hook"
version = "0.0.0"
dependencies = [
 "tauri",
]

[[package]]
name = "nysia-proto"
version = "0.0.0"
dependencies = [
 "tauri",
]

[[package]]
name = "nysia-shim"
version = "0.0.0"
dependencies = [
 "third",
]

[[package]]
name = "tauri"
version = "0.0.0"

[[package]]
name = "third"
version = "0.0.0"
